
Microsoft Visual Studio Solution File, Format Version 12.00
# Visual Studio Version 17
VisualStudioVersion = 17.14.36301.6
MinimumVisualStudioVersion = 10.0.40219.1
Project("{9A19103F-16F7-4668-BE54-9A1E7A4F7556}") = "Backend", "Backend\Backend.csproj", "{211278AD-6C5E-4A04-B490-EAC183874F05}"
EndProject
Project("{E53339B2-1760-4266-BCC7-CA923CBCF16C}") = "docker-compose", "docker-compose.dcproj", "{28CB5130-B4EF-48EA-A063-F91121B0E54B}"
EndProject
Global
	GlobalSection(SolutionConfigurationPlatforms) = preSolution
		Debug|Any CPU = Debug|Any CPU
		Release|Any CPU = Release|Any CPU
	EndGlobalSection
	GlobalSection(ProjectConfigurationPlatforms) = postSolution
		{211278AD-6C5E-4A04-B490-EAC183874F05}.Debug|Any CPU.ActiveCfg = Debug|Any CPU
		{211278AD-6C5E-4A04-B490-EAC183874F05}.Debug|Any CPU.Build.0 = Debug|Any CPU
		{211278AD-6C5E-4A04-B490-EAC183874F05}.Release|Any CPU.ActiveCfg = Release|Any CPU
		{211278AD-6C5E-4A04-B490-EAC183874F05}.Release|Any CPU.Build.0 = Release|Any CPU
		{28CB5130-B4EF-48EA-A063-F91121B0E54B}.Debug|Any CPU.ActiveCfg = Debug|Any CPU
		{28CB5130-B4EF-48EA-A063-F91121B0E54B}.Debug|Any CPU.Build.0 = Debug|Any CPU
		{28CB5130-B4EF-48EA-A063-F91121B0E54B}.Release|Any CPU.ActiveCfg = Release|Any CPU
		{28CB5130-B4EF-48EA-A063-F91121B0E54B}.Release|Any CPU.Build.0 = Release|Any CPU
	EndGlobalSection
	GlobalSection(SolutionProperties) = preSolution
		HideSolutionNode = FALSE
	EndGlobalSection
	GlobalSection(ExtensibilityGlobals) = postSolution
		SolutionGuid = {2AA5FC11-CCFF-4228-98A9-A10517F9AF52}
	EndGlobalSection
EndGlobal
